schema: '2.0'
stages:
  download:
    cmd: python -m faers.cli download
    deps:
    - path: src/faers/download.py
      hash: md5
      md5: 1f0efb286f73d51f8eae872baa6f6831
      size: 4272
    - path: src/faers/sources.py
      hash: md5
      md5: be8b255d9065502294a1d376728066ba
      size: 4174
    params:
      params.yaml:
        coverage:
          start: 2004Q1
          end: 2026Q2
    outs:
    - path: data/raw
      hash: md5
      md5: bb62c6093ad2eaf8cbf530774540bbab.dir
      size: 3547347845
      nfiles: 90
    - path: results/source_manifest.json
      hash: md5
      md5: db25f004d59bdc3154570ceb3f3df231
      size: 20546
  harmonize:
    cmd: python -m faers.cli harmonize
    deps:
    - path: data/raw
      hash: md5
      md5: bb62c6093ad2eaf8cbf530774540bbab.dir
      size: 3547347845
      nfiles: 90
    - path: src/faers/harmonize.py
      hash: md5
      md5: 5a95486279d39f1d80c442dc4d7135a6
      size: 8951
    - path: src/faers/schema.py
      hash: md5
      md5: b87b790baca89aafaad988f2c529a110
      size: 9639
    - path: src/faers/sources.py
      hash: md5
      md5: be8b255d9065502294a1d376728066ba
      size: 4174
    params:
      params.yaml:
        coverage:
          start: 2004Q1
          end: 2026Q2
    outs:
    - path: data/harmonized
      hash: md5
      md5: 5004aadb1566a602c174c224704c16d3.dir
      size: 1755059716
      nfiles: 648
    - path: results/harmonize_stats.json
      hash: md5
      md5: 190fc00ff3455d2cf1f03b1ee6074ee1
      size: 17893
  dedup:
    cmd: python -m faers.cli dedup
    deps:
    - path: data/harmonized
      hash: md5
      md5: 5004aadb1566a602c174c224704c16d3.dir
      size: 1755059716
      nfiles: 648
    - path: src/faers/dedup.py
      hash: md5
      md5: b54dca55bbe5483d687bd4c8f7d02532
      size: 6292
    outs:
    - path: data/curated/demo.parquet
      hash: md5
      md5: 5acd433e2e5bc910f17e64feccb742ff
      size: 545707031
    - path: data/curated/drug.parquet
      hash: md5
      md5: 7465b7dc80a139708803a650d44db140
      size: 561609515
    - path: data/curated/indi.parquet
      hash: md5
      md5: 6ba5e2776e1cff2a187083c753d5ae5e
      size: 162543366
    - path: data/curated/outc.parquet
      hash: md5
      md5: 694a0bc4aa5f4a341aa139a0949d57f6
      size: 39447869
    - path: data/curated/reac.parquet
      hash: md5
      md5: 3c79537059965941002800f955904aef
      size: 211809058
    - path: data/curated/rpsr.parquet
      hash: md5
      md5: a73f895720df2c1ce3f888613c9b1bce
      size: 7302585
    - path: data/curated/surviving_records.parquet
      hash: md5
      md5: a3b44d5597ef3607af14dd07968880cf
      size: 211187007
    - path: data/curated/ther.parquet
      hash: md5
      md5: a845a3f88bfef923a643e1387ae9b181
      size: 145059664
    - path: results/dedup_stats.json
      hash: md5
      md5: 1ecc47781dba3574ee47c8019bb77700
      size: 277
  normalize:
    cmd: python -m faers.cli normalize
    deps:
    - path: data/curated/drug.parquet
      hash: md5
      md5: 7465b7dc80a139708803a650d44db140
      size: 561609515
    - path: data/reference/ndc_brand_index.parquet
      hash: md5
      md5: bdb560044450f833199d4212880e1a3d
      size: 191444
    - path: src/faers/brands.py
      hash: md5
      md5: 317fd167a559ea399e878d9d3421e7f7
      size: 8003
    - path: src/faers/normalize.py
      hash: md5
      md5: 3dfe5fa77437a626f4ebdacd0ed9d421
      size: 15789
    params:
      params.yaml:
        normalize:
          dictionary_min_support: 2
          rxnav_min_reports: 50
    outs:
    - path: data/curated/drug_ingredients.parquet
      hash: md5
      md5: fabf2f99d609e4300ee920e76173d8b5
      size: 497316153
    - path: data/reference/rxnav_cache.json
      hash: md5
      md5: cf817ffa7edd12568a147b1bca92bb52
      size: 68912
    - path: results/normalize_stats.json
      hash: md5
      md5: 6b82f8bfd6fc87987ded5818a9c904f3
      size: 498
  describe:
    cmd: python -m faers.cli describe
    deps:
    - path: data/curated/demo.parquet
      hash: md5
      md5: 5acd433e2e5bc910f17e64feccb742ff
      size: 545707031
    - path: data/curated/drug_ingredients.parquet
      hash: md5
      md5: fabf2f99d609e4300ee920e76173d8b5
      size: 497316153
    - path: data/curated/indi.parquet
      hash: md5
      md5: 6ba5e2776e1cff2a187083c753d5ae5e
      size: 162543366
    - path: data/curated/outc.parquet
      hash: md5
      md5: 694a0bc4aa5f4a341aa139a0949d57f6
      size: 39447869
    - path: data/curated/reac.parquet
      hash: md5
      md5: 3c79537059965941002800f955904aef
      size: 211809058
    - path: src/faers/stats/descriptive.py
      hash: md5
      md5: 88b20f721b10cf4085ac5769348b81f6
      size: 10398
    params:
      params.yaml:
        descriptive:
          trend_terms:
          - DEATH
          - PAIN
          - DYSPNOEA
    outs:
    - path: results/descriptive
      hash: md5
      md5: 86dbf7bb531141da43cce491fb5e2f3d.dir
      size: 32698
      nfiles: 17
  signals:
    cmd: python -m faers.cli signals
    deps:
    - path: data/curated/demo.parquet
      hash: md5
      md5: 5acd433e2e5bc910f17e64feccb742ff
      size: 545707031
    - path: data/curated/drug_ingredients.parquet
      hash: md5
      md5: fabf2f99d609e4300ee920e76173d8b5
      size: 497316153
    - path: data/curated/reac.parquet
      hash: md5
      md5: 3c79537059965941002800f955904aef
      size: 211809058
    - path: src/faers/signals.py
      hash: md5
      md5: ef7741cff873342e0bba753160cc8e03
      size: 10918
    - path: src/faers/stats/disproportionality.py
      hash: md5
      md5: fbb9d34a10e4923beb6ebde36fa8d09d
      size: 13420
    params:
      params.yaml:
        signals:
          roles:
          - PS
          - SS
          min_count: 3
          gamma_poisson_fit_sample: 200000
          random_state: 0
          memory_limit: 24GB
          temp_dir: data/tmp
    outs:
    - path: results/signals/counts.parquet
      hash: md5
      md5: c521365a8012660ca2470d4016af5439
      size: 12764483
    - path: results/signals/fanout.json
      hash: md5
      md5: d4f5ac6363ad424e3e52233a60766353
      size: 195
    - path: results/signals/scored.parquet
      hash: md5
      md5: 2d8e2c715fdb14f43144de55441ea7ff
      size: 285487272
    - path: results/signals/summary.json
      hash: md5
      md5: f0ffc8ee913a14b3e82ea7b96bf9826c
      size: 812
  stratify:
    cmd: python -m faers.cli stratify
    deps:
    - path: data/curated/demo.parquet
      hash: md5
      md5: 5acd433e2e5bc910f17e64feccb742ff
      size: 545707031
    - path: data/curated/drug_ingredients.parquet
      hash: md5
      md5: fabf2f99d609e4300ee920e76173d8b5
      size: 497316153
    - path: data/curated/reac.parquet
      hash: md5
      md5: 3c79537059965941002800f955904aef
      size: 211809058
    - path: results/signals/scored.parquet
      hash: md5
      md5: 2d8e2c715fdb14f43144de55441ea7ff
      size: 285487272
    - path: src/faers/stats/stratified.py
      hash: md5
      md5: 7ff0d11a4346a0ee143011a0159b0618
      size: 9420
    params:
      params.yaml:
        signals:
          roles:
          - PS
          - SS
          min_count: 3
          gamma_poisson_fit_sample: 200000
          random_state: 0
          memory_limit: 24GB
          temp_dir: data/tmp
        stratify:
          variables:
          - sex
          - age_band
          - calendar_period
          min_stratum_count: 3
          calendar_period_years: 5
    outs:
    - path: results/stratified
      hash: md5
      md5: 528f7371973493125353a0aed96e53b4.dir
      size: 315914800
      nfiles: 7
    - path: results/stratify_summary.json
      hash: md5
      md5: 8617df9b81f691aabcdbc860f9cabfad
      size: 483
  figures:
    cmd: python -m faers.cli figures
    deps:
    - path: results/descriptive
      hash: md5
      md5: 86dbf7bb531141da43cce491fb5e2f3d.dir
      size: 32698
      nfiles: 17
    - path: results/signals/scored.parquet
      hash: md5
      md5: 2d8e2c715fdb14f43144de55441ea7ff
      size: 285487272
    - path: results/stratified
      hash: md5
      md5: 528f7371973493125353a0aed96e53b4.dir
      size: 315914800
      nfiles: 7
    - path: src/faers/plots.py
      hash: md5
      md5: 516c3feda366b386e21b8381cdccd0e8
      size: 10704
    outs:
    - path: figures
      hash: md5
      md5: 3b2216a8b2ca024c471c0e8b42e6004d.dir
      size: 2862387
      nfiles: 24
  report:
    cmd: python -m faers.cli report
    deps:
    - path: figures
      hash: md5
      md5: 3b2216a8b2ca024c471c0e8b42e6004d.dir
      size: 2862387
      nfiles: 24
    - path: report/_quarto.yml
      hash: md5
      md5: 23b3905c818310fcbb4f7582a6e37cdc
      size: 514
    - path: report/index.qmd
      hash: md5
      md5: de04f0af36469c9300c2d10a3a7c16fe
      size: 23047
    - path: results/dedup_stats.json
      hash: md5
      md5: 1ecc47781dba3574ee47c8019bb77700
      size: 277
    - path: results/descriptive
      hash: md5
      md5: 86dbf7bb531141da43cce491fb5e2f3d.dir
      size: 32698
      nfiles: 17
    - path: results/normalize_stats.json
      hash: md5
      md5: 6b82f8bfd6fc87987ded5818a9c904f3
      size: 498
    - path: results/signals/summary.json
      hash: md5
      md5: f0ffc8ee913a14b3e82ea7b96bf9826c
      size: 812
    outs:
    - path: report/_site
      hash: md5
      md5: bc32d5a3a2bb9e56eb7ab10a54b38609.dir
      size: 1867591
      nfiles: 20
  brands:
    cmd: python -m faers.cli brands
    deps:
    - path: src/faers/brands.py
      hash: md5
      md5: 317fd167a559ea399e878d9d3421e7f7
      size: 8003
    outs:
    - path: data/reference/drug-ndc.json.zip
      hash: md5
      md5: 5e236ede43eba9e976a48d1ef72df6a5
      size: 28044198
    - path: data/reference/ndc_brand_index.parquet
      hash: md5
      md5: bdb560044450f833199d4212880e1a3d
      size: 191444
    - path: results/brands_stats.json
      hash: md5
      md5: 3fd5151c46e1fcb34a941853870837a1
      size: 215
